
Microsoft Visual Studio Solution File, Format Version 12.00
# Visual Studio Version 17
VisualStudioVersion = 17.10.35122.118
MinimumVisualStudioVersion = 10.0.40219.1
Project("{FAE04EC0-301F-11D3-BF4B-00C04F79EFBC}") = "MVC-EShop", "MVC-EShop.csproj", "{50C40B84-0EC4-46B8-9B43-46229A1C24E2}"
EndProject
Global
	GlobalSection(SolutionConfigurationPlatforms) = preSolution
		Debug|Any CPU = Debug|Any CPU
		Release|Any CPU = Release|Any CPU
	EndGlobalSection
	GlobalSection(ProjectConfigurationPlatforms) = postSolution
		{50C40B84-0EC4-46B8-9B43-46229A1C24E2}.Debug|Any CPU.ActiveCfg = Debug|Any CPU
		{50C40B84-0EC4-46B8-9B43-46229A1C24E2}.Debug|Any CPU.Build.0 = Debug|Any CPU
		{50C40B84-0EC4-46B8-9B43-46229A1C24E2}.Release|Any CPU.ActiveCfg = Release|Any CPU
		{50C40B84-0EC4-46B8-9B43-46229A1C24E2}.Release|Any CPU.Build.0 = Release|Any CPU
	EndGlobalSection
	GlobalSection(SolutionProperties) = preSolution
		HideSolutionNode = FALSE
	EndGlobalSection
	GlobalSection(ExtensibilityGlobals) = postSolution
		SolutionGuid = {58D4FAB4-9BB1-4391-81C9-243C479290BA}
	EndGlobalSection
EndGlobal
