
Microsoft Visual Studio Solution File, Format Version 12.00
# Visual Studio Version 17
VisualStudioVersion = 17.13.35806.99 d17.13
MinimumVisualStudioVersion = 10.0.40219.1
Project("{FAE04EC0-301F-11D3-BF4B-00C04F79EFBC}") = "RazorPagesApp", "RazorPagesApp.csproj", "{3D60ACBC-24FD-489D-98C7-B5652151B007}"
EndProject
Global
	GlobalSection(SolutionConfigurationPlatforms) = preSolution
		Debug|Any CPU = Debug|Any CPU
		Release|Any CPU = Release|Any CPU
	EndGlobalSection
	GlobalSection(ProjectConfigurationPlatforms) = postSolution
		{3D60ACBC-24FD-489D-98C7-B5652151B007}.Debug|Any CPU.ActiveCfg = Debug|Any CPU
		{3D60ACBC-24FD-489D-98C7-B5652151B007}.Debug|Any CPU.Build.0 = Debug|Any CPU
		{3D60ACBC-24FD-489D-98C7-B5652151B007}.Release|Any CPU.ActiveCfg = Release|Any CPU
		{3D60ACBC-24FD-489D-98C7-B5652151B007}.Release|Any CPU.Build.0 = Release|Any CPU
	EndGlobalSection
	GlobalSection(SolutionProperties) = preSolution
		HideSolutionNode = FALSE
	EndGlobalSection
	GlobalSection(ExtensibilityGlobals) = postSolution
		SolutionGuid = {F7CCD9EF-BEF2-419B-811D-51703153CE09}
	EndGlobalSection
EndGlobal
