
Microsoft Visual Studio Solution File, Format Version 12.00
# Visual Studio Version 17
VisualStudioVersion = 17.12.35527.113 d17.12
MinimumVisualStudioVersion = 10.0.40219.1
Project("{FAE04EC0-301F-11D3-BF4B-00C04F79EFBC}") = "AspNetOmdDb", "AspNetOmdDb.csproj", "{EEE7C8A3-CB3B-4D0D-A568-66F293C5E8D9}"
EndProject
Global
	GlobalSection(SolutionConfigurationPlatforms) = preSolution
		Debug|Any CPU = Debug|Any CPU
		Release|Any CPU = Release|Any CPU
	EndGlobalSection
	GlobalSection(ProjectConfigurationPlatforms) = postSolution
		{EEE7C8A3-CB3B-4D0D-A568-66F293C5E8D9}.Debug|Any CPU.ActiveCfg = Debug|Any CPU
		{EEE7C8A3-CB3B-4D0D-A568-66F293C5E8D9}.Debug|Any CPU.Build.0 = Debug|Any CPU
		{EEE7C8A3-CB3B-4D0D-A568-66F293C5E8D9}.Release|Any CPU.ActiveCfg = Release|Any CPU
		{EEE7C8A3-CB3B-4D0D-A568-66F293C5E8D9}.Release|Any CPU.Build.0 = Release|Any CPU
	EndGlobalSection
	GlobalSection(SolutionProperties) = preSolution
		HideSolutionNode = FALSE
	EndGlobalSection
EndGlobal
